
Microsoft Visual Studio Solution File, Format Version 12.00
# Visual Studio Version 16
VisualStudioVersion = 16.0.31702.278
MinimumVisualStudioVersion = 10.0.40219.1
Project("{FAE04EC0-301F-11D3-BF4B-00C04F79EFBC}") = "SingleResponsibilityPrinciple", "SingleResponsibilityPrinciple.csproj", "{565A667C-A3F4-4413-AC16-8EB51C33E15A}"
EndProject
Global
	GlobalSection(SolutionConfigurationPlatforms) = preSolution
		Debug|Any CPU = Debug|Any CPU
		Release|Any CPU = Release|Any CPU
	EndGlobalSection
	GlobalSection(ProjectConfigurationPlatforms) = postSolution
		{565A667C-A3F4-4413-AC16-8EB51C33E15A}.Debug|Any CPU.ActiveCfg = Debug|Any CPU
		{565A667C-A3F4-4413-AC16-8EB51C33E15A}.Debug|Any CPU.Build.0 = Debug|Any CPU
		{565A667C-A3F4-4413-AC16-8EB51C33E15A}.Release|Any CPU.ActiveCfg = Release|Any CPU
		{565A667C-A3F4-4413-AC16-8EB51C33E15A}.Release|Any CPU.Build.0 = Release|Any CPU
	EndGlobalSection
	GlobalSection(SolutionProperties) = preSolution
		HideSolutionNode = FALSE
	EndGlobalSection
	GlobalSection(ExtensibilityGlobals) = postSolution
		SolutionGuid = {50B361A2-A585-43D9-B1D8-332D2A0D5D34}
	EndGlobalSection
EndGlobal
